
Microsoft Visual Studio Solution File, Format Version 11.00
# Visual Studio 2010
Project("{F184B08F-C81C-45F6-A57F-5ABD9991F28F}") = "CFHodEd", "CFHodEd.vbproj", "{4C0E1BEC-EE85-47CA-8C37-6958BAAD9232}"
EndProject
Project("{F184B08F-C81C-45F6-A57F-5ABD9991F28F}") = "GenericMath", "..\GenericMath\GenericMath.vbproj", "{55A9D27C-6A26-4379-9612-E84E177D4708}"
EndProject
Project("{F184B08F-C81C-45F6-A57F-5ABD9991F28F}") = "GenericMesh", "..\GenericMesh\GenericMesh.vbproj", "{4912FA22-64A4-495B-BBDC-9825E36C0D93}"
EndProject
Project("{F184B08F-C81C-45F6-A57F-5ABD9991F28F}") = "D3DHelper", "..\D3DHelper\D3DHelper.vbproj", "{4D89504F-1873-4A41-9253-21E18BC34F2B}"
EndProject
Project("{F184B08F-C81C-45F6-A57F-5ABD9991F28F}") = "GMWavObjT", "..\GMWavObjT\GMWavObjT.vbproj", "{D930FE9E-0E6A-4421-BF1A-B63008E1AD1C}"
EndProject
Project("{F184B08F-C81C-45F6-A57F-5ABD9991F28F}") = "HW2IFF", "..\HW2IFF\HW2IFF.vbproj", "{770125AF-61DD-4D91-8B6D-428FEFF8BFE2}"
EndProject
Project("{F184B08F-C81C-45F6-A57F-5ABD9991F28F}") = "HW2HOD", "..\HW2HOD\HW2HOD.vbproj", "{B0E1E706-297B-4F0F-ACCF-DE5A9CD37A2B}"
EndProject
Project("{F184B08F-C81C-45F6-A57F-5ABD9991F28F}") = "HW2MAD", "..\HW2MAD\HW2MAD.vbproj", "{CA7FC163-7169-46B0-840D-77667B74C2DA}"
EndProject
Global
	GlobalSection(SolutionConfigurationPlatforms) = preSolution
		Debug|Any CPU = Debug|Any CPU
		Release|Any CPU = Release|Any CPU
	EndGlobalSection
	GlobalSection(ProjectConfigurationPlatforms) = postSolution
		{4C0E1BEC-EE85-47CA-8C37-6958BAAD9232}.Debug|Any CPU.ActiveCfg = Debug|Any CPU
		{4C0E1BEC-EE85-47CA-8C37-6958BAAD9232}.Debug|Any CPU.Build.0 = Debug|Any CPU
		{4C0E1BEC-EE85-47CA-8C37-6958BAAD9232}.Release|Any CPU.ActiveCfg = Release|Any CPU
		{4C0E1BEC-EE85-47CA-8C37-6958BAAD9232}.Release|Any CPU.Build.0 = Release|Any CPU
		{55A9D27C-6A26-4379-9612-E84E177D4708}.Debug|Any CPU.ActiveCfg = Debug|Any CPU
		{55A9D27C-6A26-4379-9612-E84E177D4708}.Debug|Any CPU.Build.0 = Debug|Any CPU
		{55A9D27C-6A26-4379-9612-E84E177D4708}.Release|Any CPU.ActiveCfg = Release|Any CPU
		{55A9D27C-6A26-4379-9612-E84E177D4708}.Release|Any CPU.Build.0 = Release|Any CPU
		{4912FA22-64A4-495B-BBDC-9825E36C0D93}.Debug|Any CPU.ActiveCfg = Debug|Any CPU
		{4912FA22-64A4-495B-BBDC-9825E36C0D93}.Debug|Any CPU.Build.0 = Debug|Any CPU
		{4912FA22-64A4-495B-BBDC-9825E36C0D93}.Release|Any CPU.ActiveCfg = Release|Any CPU
		{4912FA22-64A4-495B-BBDC-9825E36C0D93}.Release|Any CPU.Build.0 = Release|Any CPU
		{4D89504F-1873-4A41-9253-21E18BC34F2B}.Debug|Any CPU.ActiveCfg = Debug|Any CPU
		{4D89504F-1873-4A41-9253-21E18BC34F2B}.Debug|Any CPU.Build.0 = Debug|Any CPU
		{4D89504F-1873-4A41-9253-21E18BC34F2B}.Release|Any CPU.ActiveCfg = Release|Any CPU
		{4D89504F-1873-4A41-9253-21E18BC34F2B}.Release|Any CPU.Build.0 = Release|Any CPU
		{D930FE9E-0E6A-4421-BF1A-B63008E1AD1C}.Debug|Any CPU.ActiveCfg = Debug|Any CPU
		{D930FE9E-0E6A-4421-BF1A-B63008E1AD1C}.Debug|Any CPU.Build.0 = Debug|Any CPU
		{D930FE9E-0E6A-4421-BF1A-B63008E1AD1C}.Release|Any CPU.ActiveCfg = Release|Any CPU
		{D930FE9E-0E6A-4421-BF1A-B63008E1AD1C}.Release|Any CPU.Build.0 = Release|Any CPU
		{770125AF-61DD-4D91-8B6D-428FEFF8BFE2}.Debug|Any CPU.ActiveCfg = Debug|Any CPU
		{770125AF-61DD-4D91-8B6D-428FEFF8BFE2}.Debug|Any CPU.Build.0 = Debug|Any CPU
		{770125AF-61DD-4D91-8B6D-428FEFF8BFE2}.Release|Any CPU.ActiveCfg = Release|Any CPU
		{770125AF-61DD-4D91-8B6D-428FEFF8BFE2}.Release|Any CPU.Build.0 = Release|Any CPU
		{B0E1E706-297B-4F0F-ACCF-DE5A9CD37A2B}.Debug|Any CPU.ActiveCfg = Debug|Any CPU
		{B0E1E706-297B-4F0F-ACCF-DE5A9CD37A2B}.Debug|Any CPU.Build.0 = Debug|Any CPU
		{B0E1E706-297B-4F0F-ACCF-DE5A9CD37A2B}.Release|Any CPU.ActiveCfg = Release|Any CPU
		{B0E1E706-297B-4F0F-ACCF-DE5A9CD37A2B}.Release|Any CPU.Build.0 = Release|Any CPU
		{CA7FC163-7169-46B0-840D-77667B74C2DA}.Debug|Any CPU.ActiveCfg = Debug|Any CPU
		{CA7FC163-7169-46B0-840D-77667B74C2DA}.Debug|Any CPU.Build.0 = Debug|Any CPU
		{CA7FC163-7169-46B0-840D-77667B74C2DA}.Release|Any CPU.ActiveCfg = Release|Any CPU
		{CA7FC163-7169-46B0-840D-77667B74C2DA}.Release|Any CPU.Build.0 = Release|Any CPU
	EndGlobalSection
	GlobalSection(SolutionProperties) = preSolution
		HideSolutionNode = FALSE
	EndGlobalSection
EndGlobal
